Microsoft Visual Studio Solution File, Format Version 12.00
# Visual Studio Version 17
VisualStudioVersion = 17.8.34316.72
MinimumVisualStudioVersion = 10.0.40219.1
Project("{9A19103F-16F7-4668-BE54-9A1E7A4F7556}") = "Taskly", "OOP\Taskly.csproj", "{498AF7CB-ABCC-481F-A120-99E5FB569005}"
EndProject
Global
	GlobalSection(SolutionConfigurationPlatforms) = preSolution
		Debug|Any CPU = Debug|Any CPU
		Release|Any CPU = Release|Any CPU
	EndGlobalSection
	GlobalSection(ProjectConfigurationPlatforms) = postSolution
		{498AF7CB-ABCC-481F-A120-99E5FB569005}.Debug|Any CPU.ActiveCfg = Debug|Any CPU
		{498AF7CB-ABCC-481F-A120-99E5FB569005}.Debug|Any CPU.Build.0 = Debug|Any CPU
		{498AF7CB-ABCC-481F-A120-99E5FB569005}.Release|Any CPU.ActiveCfg = Release|Any CPU
		{498AF7CB-ABCC-481F-A120-99E5FB569005}.Release|Any CPU.Build.0 = Release|Any CPU
	EndGlobalSection
	GlobalSection(SolutionProperties) = preSolution
		HideSolutionNode = FALSE
	EndGlobalSection
	GlobalSection(ExtensibilityGlobals) = postSolution
		SolutionGuid = {F9B13ED2-725F-4570-AF10-CA4448B7C239}
	EndGlobalSection
EndGlobal
